
Microsoft Visual Studio Solution File, Format Version 12.00
# Visual Studio Version 17
VisualStudioVersion = 17.1.32328.378
MinimumVisualStudioVersion = 10.0.40219.1
Project("{9A19103F-16F7-4668-BE54-9A1E7A4F7556}") = "BackEnd", "BackEnd\BackEnd.csproj", "{DC2038B3-A2BD-4AA5-8BF2-80BF7588EE09}"
EndProject
Project("{9A19103F-16F7-4668-BE54-9A1E7A4F7556}") = "BackEndTest", "BackEndTest\BackEndTest.csproj", "{6A81624E-AAF1-4606-A2DC-BB074768EB74}"
EndProject
Global
	GlobalSection(SolutionConfigurationPlatforms) = preSolution
		Debug|Any CPU = Debug|Any CPU
		Release|Any CPU = Release|Any CPU
	EndGlobalSection
	GlobalSection(ProjectConfigurationPlatforms) = postSolution
		{DC2038B3-A2BD-4AA5-8BF2-80BF7588EE09}.Debug|Any CPU.ActiveCfg = Debug|Any CPU
		{DC2038B3-A2BD-4AA5-8BF2-80BF7588EE09}.Debug|Any CPU.Build.0 = Debug|Any CPU
		{DC2038B3-A2BD-4AA5-8BF2-80BF7588EE09}.Release|Any CPU.ActiveCfg = Release|Any CPU
		{DC2038B3-A2BD-4AA5-8BF2-80BF7588EE09}.Release|Any CPU.Build.0 = Release|Any CPU
		{6A81624E-AAF1-4606-A2DC-BB074768EB74}.Debug|Any CPU.ActiveCfg = Debug|Any CPU
		{6A81624E-AAF1-4606-A2DC-BB074768EB74}.Debug|Any CPU.Build.0 = Debug|Any CPU
		{6A81624E-AAF1-4606-A2DC-BB074768EB74}.Release|Any CPU.ActiveCfg = Release|Any CPU
		{6A81624E-AAF1-4606-A2DC-BB074768EB74}.Release|Any CPU.Build.0 = Release|Any CPU
	EndGlobalSection
	GlobalSection(SolutionProperties) = preSolution
		HideSolutionNode = FALSE
	EndGlobalSection
	GlobalSection(ExtensibilityGlobals) = postSolution
		SolutionGuid = {D0BCE336-3CA1-42F8-A8FE-9FA1B8637E40}
	EndGlobalSection
EndGlobal
